// !$*UTF8*$!
{
	archiveVersion = 1;
	classes = {
	};
	objectVersion = 48;
	objects = {

/* Begin PBXBuildFile section */
		6AD3ADC7201B66EC0031097C /* main.cpp in Sources */ = {isa = PBXBuildFile; fileRef = 6AD3ADC6201B66EC0031097C /* main.cpp */; };
		6AD3ADF8201B68560031097C /* libopencv_reg.3.3.0.dylib in Frameworks */ = {isa = PBXBuildFile; fileRef = 6AD3ADCE201B68520031097C /* libopencv_reg.3.3.0.dylib */; };
		6AD3ADF9201B68560031097C /* libopencv_img_hash.3.3.0.dylib in Frameworks */ = {isa = PBXBuildFile; fileRef = 6AD3ADCF201B68520031097C /* libopencv_img_hash.3.3.0.dylib */; };
		6AD3ADFA201B68560031097C /* libopencv_video.3.3.0.dylib in Frameworks */ = {isa = PBXBuildFile; fileRef = 6AD3ADD0201B68520031097C /* libopencv_video.3.3.0.dylib */; };
		6AD3ADFB201B68560031097C /* libopencv_videostab.3.3.0.dylib in Frameworks */ = {isa = PBXBuildFile; fileRef = 6AD3ADD1201B68520031097C /* libopencv_videostab.3.3.0.dylib */; };
		6AD3ADFC201B68560031097C /* libopencv_xfeatures2d.3.3.0.dylib in Frameworks */ = {isa = PBXBuildFile; fileRef = 6AD3ADD2201B68520031097C /* libopencv_xfeatures2d.3.3.0.dylib */; };
		6AD3ADFD201B68560031097C /* libopencv_bgsegm.3.3.0.dylib in Frameworks */ = {isa = PBXBuildFile; fileRef = 6AD3ADD3201B68520031097C /* libopencv_bgsegm.3.3.0.dylib */; };
		6AD3ADFE201B68560031097C /* libopencv_imgcodecs.3.3.0.dylib in Frameworks */ = {isa = PBXBuildFile; fileRef = 6AD3ADD4201B68520031097C /* libopencv_imgcodecs.3.3.0.dylib */; };
		6AD3ADFF201B68560031097C /* libopencv_dnn.3.3.0.dylib in Frameworks */ = {isa = PBXBuildFile; fileRef = 6AD3ADD5201B68520031097C /* libopencv_dnn.3.3.0.dylib */; };
		6AD3AE00201B68560031097C /* libopencv_rgbd.3.3.0.dylib in Frameworks */ = {isa = PBXBuildFile; fileRef = 6AD3ADD6201B68520031097C /* libopencv_rgbd.3.3.0.dylib */; };
		6AD3AE01201B68560031097C /* libopencv_highgui.3.3.0.dylib in Frameworks */ = {isa = PBXBuildFile; fileRef = 6AD3ADD7201B68520031097C /* libopencv_highgui.3.3.0.dylib */; };
		6AD3AE02201B68560031097C /* libopencv_datasets.3.3.0.dylib in Frameworks */ = {isa = PBXBuildFile; fileRef = 6AD3ADD8201B68520031097C /* libopencv_datasets.3.3.0.dylib */; };
		6AD3AE03201B68560031097C /* libopencv_phase_unwrapping.3.3.0.dylib in Frameworks */ = {isa = PBXBuildFile; fileRef = 6AD3ADD9201B68520031097C /* libopencv_phase_unwrapping.3.3.0.dylib */; };
		6AD3AE04201B68560031097C /* libopencv_fuzzy.3.3.0.dylib in Frameworks */ = {isa = PBXBuildFile; fileRef = 6AD3ADDA201B68530031097C /* libopencv_fuzzy.3.3.0.dylib */; };
		6AD3AE05201B68560031097C /* libopencv_superres.3.3.0.dylib in Frameworks */ = {isa = PBXBuildFile; fileRef = 6AD3ADDB201B68530031097C /* libopencv_superres.3.3.0.dylib */; };
		6AD3AE06201B68560031097C /* libopencv_ximgproc.3.3.0.dylib in Frameworks */ = {isa = PBXBuildFile; fileRef = 6AD3ADDC201B68530031097C /* libopencv_ximgproc.3.3.0.dylib */; };
		6AD3AE07201B68560031097C /* libopencv_ml.3.3.0.dylib in Frameworks */ = {isa = PBXBuildFile; fileRef = 6AD3ADDD201B68530031097C /* libopencv_ml.3.3.0.dylib */; };
		6AD3AE08201B68560031097C /* libopencv_face.3.3.0.dylib in Frameworks */ = {isa = PBXBuildFile; fileRef = 6AD3ADDE201B68530031097C /* libopencv_face.3.3.0.dylib */; };
		6AD3AE09201B68560031097C /* libopencv_flann.3.3.0.dylib in Frameworks */ = {isa = PBXBuildFile; fileRef = 6AD3ADDF201B68530031097C /* libopencv_flann.3.3.0.dylib */; };
		6AD3AE0A201B68560031097C /* libopencv_stereo.3.3.0.dylib in Frameworks */ = {isa = PBXBuildFile; fileRef = 6AD3ADE0201B68530031097C /* libopencv_stereo.3.3.0.dylib */; };
		6AD3AE0B201B68560031097C /* libopencv_objdetect.3.3.0.dylib in Frameworks */ = {isa = PBXBuildFile; fileRef = 6AD3ADE1201B68530031097C /* libopencv_objdetect.3.3.0.dylib */; };
		6AD3AE0C201B68560031097C /* libopencv_stitching.3.3.0.dylib in Frameworks */ = {isa = PBXBuildFile; fileRef = 6AD3ADE2201B68530031097C /* libopencv_stitching.3.3.0.dylib */; };
		6AD3AE0D201B68560031097C /* libopencv_surface_matching.3.3.0.dylib in Frameworks */ = {isa = PBXBuildFile; fileRef = 6AD3ADE3201B68530031097C /* libopencv_surface_matching.3.3.0.dylib */; };
		6AD3AE0E201B68560031097C /* libopencv_imgproc.3.3.0.dylib in Frameworks */ = {isa = PBXBuildFile; fileRef = 6AD3ADE4201B68530031097C /* libopencv_imgproc.3.3.0.dylib */; };
		6AD3AE0F201B68560031097C /* libopencv_xphoto.3.3.0.dylib in Frameworks */ = {isa = PBXBuildFile; fileRef = 6AD3ADE5201B68530031097C /* libopencv_xphoto.3.3.0.dylib */; };
		6AD3AE10201B68560031097C /* libopencv_dpm.3.3.0.dylib in Frameworks */ = {isa = PBXBuildFile; fileRef = 6AD3ADE6201B68530031097C /* libopencv_dpm.3.3.0.dylib */; };
		6AD3AE11201B68560031097C /* libopencv_bioinspired.3.3.0.dylib in Frameworks */ = {isa = PBXBuildFile; fileRef = 6AD3ADE7201B68530031097C /* libopencv_bioinspired.3.3.0.dylib */; };
		6AD3AE12201B68560031097C /* libopencv_aruco.3.3.0.dylib in Frameworks */ = {isa = PBXBuildFile; fileRef = 6AD3ADE8201B68540031097C /* libopencv_aruco.3.3.0.dylib */; };
		6AD3AE13201B68560031097C /* libopencv_text.3.3.0.dylib in Frameworks */ = {isa = PBXBuildFile; fileRef = 6AD3ADE9201B68540031097C /* libopencv_text.3.3.0.dylib */; };
		6AD3AE14201B68560031097C /* libopencv_ccalib.3.3.0.dylib in Frameworks */ = {isa = PBXBuildFile; fileRef = 6AD3ADEA201B68540031097C /* libopencv_ccalib.3.3.0.dylib */; };
		6AD3AE15201B68560031097C /* libopencv_photo.3.3.0.dylib in Frameworks */ = {isa = PBXBuildFile; fileRef = 6AD3ADEB201B68540031097C /* libopencv_photo.3.3.0.dylib */; };
		6AD3AE16201B68560031097C /* libopencv_videoio.3.3.0.dylib in Frameworks */ = {isa = PBXBuildFile; fileRef = 6AD3ADEC201B68540031097C /* libopencv_videoio.3.3.0.dylib */; };
		6AD3AE17201B68560031097C /* libopencv_saliency.3.3.0.dylib in Frameworks */ = {isa = PBXBuildFile; fileRef = 6AD3ADED201B68540031097C /* libopencv_saliency.3.3.0.dylib */; };
		6AD3AE18201B68560031097C /* libopencv_plot.3.3.0.dylib in Frameworks */ = {isa = PBXBuildFile; fileRef = 6AD3ADEE201B68540031097C /* libopencv_plot.3.3.0.dylib */; };
		6AD3AE19201B68560031097C /* libopencv_tracking.3.3.0.dylib in Frameworks */ = {isa = PBXBuildFile; fileRef = 6AD3ADEF201B68550031097C /* libopencv_tracking.3.3.0.dylib */; };
		6AD3AE1A201B68560031097C /* libopencv_xobjdetect.3.3.0.dylib in Frameworks */ = {isa = PBXBuildFile; fileRef = 6AD3ADF0201B68550031097C /* libopencv_xobjdetect.3.3.0.dylib */; };
		6AD3AE1B201B68560031097C /* libopencv_line_descriptor.3.3.0.dylib in Frameworks */ = {isa = PBXBuildFile; fileRef = 6AD3ADF1201B68550031097C /* libopencv_line_descriptor.3.3.0.dylib */; };
		6AD3AE1C201B68560031097C /* libopencv_optflow.3.3.0.dylib in Frameworks */ = {isa = PBXBuildFile; fileRef = 6AD3ADF2201B68550031097C /* libopencv_optflow.3.3.0.dylib */; };
		6AD3AE1D201B68560031097C /* libopencv_calib3d.3.3.0.dylib in Frameworks */ = {isa = PBXBuildFile; fileRef = 6AD3ADF3201B68550031097C /* libopencv_calib3d.3.3.0.dylib */; };
		6AD3AE1E201B68560031097C /* libopencv_features2d.3.3.0.dylib in Frameworks */ = {isa = PBXBuildFile; fileRef = 6AD3ADF4201B68550031097C /* libopencv_features2d.3.3.0.dylib */; };
		6AD3AE1F201B68560031097C /* libopencv_shape.3.3.0.dylib in Frameworks */ = {isa = PBXBuildFile; fileRef = 6AD3ADF5201B68550031097C /* libopencv_shape.3.3.0.dylib */; };
		6AD3AE20201B68560031097C /* libopencv_structured_light.3.3.0.dylib in Frameworks */ = {isa = PBXBuildFile; fileRef = 6AD3ADF6201B68550031097C /* libopencv_structured_light.3.3.0.dylib */; };
		6AD3AE21201B68560031097C /* libopencv_core.3.3.0.dylib in Frameworks */ = {isa = PBXBuildFile; fileRef = 6AD3ADF7201B68550031097C /* libopencv_core.3.3.0.dylib */; };
		6AD3AE2E201BDB750031097C /* global.cpp in Sources */ = {isa = PBXBuildFile; fileRef = 6AD3AE2C201BDB750031097C /* global.cpp */; };
		6AD3AE34201BE0830031097C /* Morphology.cpp in Sources */ = {isa = PBXBuildFile; fileRef = 6AD3AE32201BE0830031097C /* Morphology.cpp */; };
		6AD3AE37201BE5430031097C /* Filter.cpp in Sources */ = {isa = PBXBuildFile; fileRef = 6AD3AE35201BE5430031097C /* Filter.cpp */; };
/* End PBXBuildFile section */

/* Begin PBXCopyFilesBuildPhase section */
		6AD3ADC1201B66EC0031097C /* CopyFiles */ = {
			isa = PBXCopyFilesBuildPhase;
			buildActionMask = 2147483647;
			dstPath = /usr/share/man/man1/;
			dstSubfolderSpec = 0;
			files = (
			);
			runOnlyForDeploymentPostprocessing = 1;
		};
/* End PBXCopyFilesBuildPhase section */

/* Begin PBXFileReference section */
		6AD3ADC3201B66EC0031097C /* OpenCV_dev */ = {isa = PBXFileReference; explicitFileType = "compiled.mach-o.executable"; includeInIndex = 0; path = OpenCV_dev; sourceTree = BUILT_PRODUCTS_DIR; };
		6AD3ADC6201B66EC0031097C /* main.cpp */ = {isa = PBXFileReference; lastKnownFileType = sourcecode.cpp.cpp; path = main.cpp; sourceTree = "<group>"; };
		6AD3ADCE201B68520031097C /* libopencv_reg.3.3.0.dylib */ = {isa = PBXFileReference; lastKnownFileType = "compiled.mach-o.dylib"; name = libopencv_reg.3.3.0.dylib; path = ../../../../../../usr/local/Cellar/opencv/3.3.0_3/lib/libopencv_reg.3.3.0.dylib; sourceTree = "<group>"; };
		6AD3ADCF201B68520031097C /* libopencv_img_hash.3.3.0.dylib */ = {isa = PBXFileReference; lastKnownFileType = "compiled.mach-o.dylib"; name = libopencv_img_hash.3.3.0.dylib; path = ../../../../../../usr/local/Cellar/opencv/3.3.0_3/lib/libopencv_img_hash.3.3.0.dylib; sourceTree = "<group>"; };
		6AD3ADD0201B68520031097C /* libopencv_video.3.3.0.dylib */ = {isa = PBXFileReference; lastKnownFileType = "compiled.mach-o.dylib"; name = libopencv_video.3.3.0.dylib; path = ../../../../../../usr/local/Cellar/opencv/3.3.0_3/lib/libopencv_video.3.3.0.dylib; sourceTree = "<group>"; };
		6AD3ADD1201B68520031097C /* libopencv_videostab.3.3.0.dylib */ = {isa = PBXFileReference; lastKnownFileType = "compiled.mach-o.dylib"; name = libopencv_videostab.3.3.0.dylib; path = ../../../../../../usr/local/Cellar/opencv/3.3.0_3/lib/libopencv_videostab.3.3.0.dylib; sourceTree = "<group>"; };
		6AD3ADD2201B68520031097C /* libopencv_xfeatures2d.3.3.0.dylib */ = {isa = PBXFileReference; lastKnownFileType = "compiled.mach-o.dylib"; name = libopencv_xfeatures2d.3.3.0.dylib; path = ../../../../../../usr/local/Cellar/opencv/3.3.0_3/lib/libopencv_xfeatures2d.3.3.0.dylib; sourceTree = "<group>"; };
		6AD3ADD3201B68520031097C /* libopencv_bgsegm.3.3.0.dylib */ = {isa = PBXFileReference; lastKnownFileType = "compiled.mach-o.dylib"; name = libopencv_bgsegm.3.3.0.dylib; path = ../../../../../../usr/local/Cellar/opencv/3.3.0_3/lib/libopencv_bgsegm.3.3.0.dylib; sourceTree = "<group>"; };
		6AD3ADD4201B68520031097C /* libopencv_imgcodecs.3.3.0.dylib */ = {isa = PBXFileReference; lastKnownFileType = "compiled.mach-o.dylib"; name = libopencv_imgcodecs.3.3.0.dylib; path = ../../../../../../usr/local/Cellar/opencv/3.3.0_3/lib/libopencv_imgcodecs.3.3.0.dylib; sourceTree = "<group>"; };
		6AD3ADD5201B68520031097C /* libopencv_dnn.3.3.0.dylib */ = {isa = PBXFileReference; lastKnownFileType = "compiled.mach-o.dylib"; name = libopencv_dnn.3.3.0.dylib; path = ../../../../../../usr/local/Cellar/opencv/3.3.0_3/lib/libopencv_dnn.3.3.0.dylib; sourceTree = "<group>"; };
		6AD3ADD6201B68520031097C /* libopencv_rgbd.3.3.0.dylib */ = {isa = PBXFileReference; lastKnownFileType = "compiled.mach-o.dylib"; name = libopencv_rgbd.3.3.0.dylib; path = ../../../../../../usr/local/Cellar/opencv/3.3.0_3/lib/libopencv_rgbd.3.3.0.dylib; sourceTree = "<group>"; };
		6AD3ADD7201B68520031097C /* libopencv_highgui.3.3.0.dylib */ = {isa = PBXFileReference; lastKnownFileType = "compiled.mach-o.dylib"; name = libopencv_highgui.3.3.0.dylib; path = ../../../../../../usr/local/Cellar/opencv/3.3.0_3/lib/libopencv_highgui.3.3.0.dylib; sourceTree = "<group>"; };
		6AD3ADD8201B68520031097C /* libopencv_datasets.3.3.0.dylib */ = {isa = PBXFileReference; lastKnownFileType = "compiled.mach-o.dylib"; name = libopencv_datasets.3.3.0.dylib; path = ../../../../../../usr/local/Cellar/opencv/3.3.0_3/lib/libopencv_datasets.3.3.0.dylib; sourceTree = "<group>"; };
		6AD3ADD9201B68520031097C /* libopencv_phase_unwrapping.3.3.0.dylib */ = {isa = PBXFileReference; lastKnownFileType = "compiled.mach-o.dylib"; name = libopencv_phase_unwrapping.3.3.0.dylib; path = ../../../../../../usr/local/Cellar/opencv/3.3.0_3/lib/libopencv_phase_unwrapping.3.3.0.dylib; sourceTree = "<group>"; };
		6AD3ADDA201B68530031097C /* libopencv_fuzzy.3.3.0.dylib */ = {isa = PBXFileReference; lastKnownFileType = "compiled.mach-o.dylib"; name = libopencv_fuzzy.3.3.0.dylib; path = ../../../../../../usr/local/Cellar/opencv/3.3.0_3/lib/libopencv_fuzzy.3.3.0.dylib; sourceTree = "<group>"; };
		6AD3ADDB201B68530031097C /* libopencv_superres.3.3.0.dylib */ = {isa = PBXFileReference; lastKnownFileType = "compiled.mach-o.dylib"; name = libopencv_superres.3.3.0.dylib; path = ../../../../../../usr/local/Cellar/opencv/3.3.0_3/lib/libopencv_superres.3.3.0.dylib; sourceTree = "<group>"; };
		6AD3ADDC201B68530031097C /* libopencv_ximgproc.3.3.0.dylib */ = {isa = PBXFileReference; lastKnownFileType = "compiled.mach-o.dylib"; name = libopencv_ximgproc.3.3.0.dylib; path = ../../../../../../usr/local/Cellar/opencv/3.3.0_3/lib/libopencv_ximgproc.3.3.0.dylib; sourceTree = "<group>"; };
		6AD3ADDD201B68530031097C /* libopencv_ml.3.3.0.dylib */ = {isa = PBXFileReference; lastKnownFileType = "compiled.mach-o.dylib"; name = libopencv_ml.3.3.0.dylib; path = ../../../../../../usr/local/Cellar/opencv/3.3.0_3/lib/libopencv_ml.3.3.0.dylib; sourceTree = "<group>"; };
		6AD3ADDE201B68530031097C /* libopencv_face.3.3.0.dylib */ = {isa = PBXFileReference; lastKnownFileType = "compiled.mach-o.dylib"; name = libopencv_face.3.3.0.dylib; path = ../../../../../../usr/local/Cellar/opencv/3.3.0_3/lib/libopencv_face.3.3.0.dylib; sourceTree = "<group>"; };
		6AD3ADDF201B68530031097C /* libopencv_flann.3.3.0.dylib */ = {isa = PBXFileReference; lastKnownFileType = "compiled.mach-o.dylib"; name = libopencv_flann.3.3.0.dylib; path = ../../../../../../usr/local/Cellar/opencv/3.3.0_3/lib/libopencv_flann.3.3.0.dylib; sourceTree = "<group>"; };
		6AD3ADE0201B68530031097C /* libopencv_stereo.3.3.0.dylib */ = {isa = PBXFileReference; lastKnownFileType = "compiled.mach-o.dylib"; name = libopencv_stereo.3.3.0.dylib; path = ../../../../../../usr/local/Cellar/opencv/3.3.0_3/lib/libopencv_stereo.3.3.0.dylib; sourceTree = "<group>"; };
		6AD3ADE1201B68530031097C /* libopencv_objdetect.3.3.0.dylib */ = {isa = PBXFileReference; lastKnownFileType = "compiled.mach-o.dylib"; name = libopencv_objdetect.3.3.0.dylib; path = ../../../../../../usr/local/Cellar/opencv/3.3.0_3/lib/libopencv_objdetect.3.3.0.dylib; sourceTree = "<group>"; };
		6AD3ADE2201B68530031097C /* libopencv_stitching.3.3.0.dylib */ = {isa = PBXFileReference; lastKnownFileType = "compiled.mach-o.dylib"; name = libopencv_stitching.3.3.0.dylib; path = ../../../../../../usr/local/Cellar/opencv/3.3.0_3/lib/libopencv_stitching.3.3.0.dylib; sourceTree = "<group>"; };
		6AD3ADE3201B68530031097C /* libopencv_surface_matching.3.3.0.dylib */ = {isa = PBXFileReference; lastKnownFileType = "compiled.mach-o.dylib"; name = libopencv_surface_matching.3.3.0.dylib; path = ../../../../../../usr/local/Cellar/opencv/3.3.0_3/lib/libopencv_surface_matching.3.3.0.dylib; sourceTree = "<group>"; };
		6AD3ADE4201B68530031097C /* libopencv_imgproc.3.3.0.dylib */ = {isa = PBXFileReference; lastKnownFileType = "compiled.mach-o.dylib"; name = libopencv_imgproc.3.3.0.dylib; path = ../../../../../../usr/local/Cellar/opencv/3.3.0_3/lib/libopencv_imgproc.3.3.0.dylib; sourceTree = "<group>"; };
		6AD3ADE5201B68530031097C /* libopencv_xphoto.3.3.0.dylib */ = {isa = PBXFileReference; lastKnownFileType = "compiled.mach-o.dylib"; name = libopencv_xphoto.3.3.0.dylib; path = ../../../../../../usr/local/Cellar/opencv/3.3.0_3/lib/libopencv_xphoto.3.3.0.dylib; sourceTree = "<group>"; };
		6AD3ADE6201B68530031097C /* libopencv_dpm.3.3.0.dylib */ = {isa = PBXFileReference; lastKnownFileType = "compiled.mach-o.dylib"; name = libopencv_dpm.3.3.0.dylib; path = ../../../../../../usr/local/Cellar/opencv/3.3.0_3/lib/libopencv_dpm.3.3.0.dylib; sourceTree = "<group>"; };
		6AD3ADE7201B68530031097C /* libopencv_bioinspired.3.3.0.dylib */ = {isa = PBXFileReference; lastKnownFileType = "compiled.mach-o.dylib"; name = libopencv_bioinspired.3.3.0.dylib; path = ../../../../../../usr/local/Cellar/opencv/3.3.0_3/lib/libopencv_bioinspired.3.3.0.dylib; sourceTree = "<group>"; };
		6AD3ADE8201B68540031097C /* libopencv_aruco.3.3.0.dylib */ = {isa = PBXFileReference; lastKnownFileType = "compiled.mach-o.dylib"; name = libopencv_aruco.3.3.0.dylib; path = ../../../../../../usr/local/Cellar/opencv/3.3.0_3/lib/libopencv_aruco.3.3.0.dylib; sourceTree = "<group>"; };
		6AD3ADE9201B68540031097C /* libopencv_text.3.3.0.dylib */ = {isa = PBXFileReference; lastKnownFileType = "compiled.mach-o.dylib"; name = libopencv_text.3.3.0.dylib; path = ../../../../../../usr/local/Cellar/opencv/3.3.0_3/lib/libopencv_text.3.3.0.dylib; sourceTree = "<group>"; };
		6AD3ADEA201B68540031097C /* libopencv_ccalib.3.3.0.dylib */ = {isa = PBXFileReference; lastKnownFileType = "compiled.mach-o.dylib"; name = libopencv_ccalib.3.3.0.dylib; path = ../../../../../../usr/local/Cellar/opencv/3.3.0_3/lib/libopencv_ccalib.3.3.0.dylib; sourceTree = "<group>"; };
		6AD3ADEB201B68540031097C /* libopencv_photo.3.3.0.dylib */ = {isa = PBXFileReference; lastKnownFileType = "compiled.mach-o.dylib"; name = libopencv_photo.3.3.0.dylib; path = ../../../../../../usr/local/Cellar/opencv/3.3.0_3/lib/libopencv_photo.3.3.0.dylib; sourceTree = "<group>"; };
		6AD3ADEC201B68540031097C /* libopencv_videoio.3.3.0.dylib */ = {isa = PBXFileReference; lastKnownFileType = "compiled.mach-o.dylib"; name = libopencv_videoio.3.3.0.dylib; path = ../../../../../../usr/local/Cellar/opencv/3.3.0_3/lib/libopencv_videoio.3.3.0.dylib; sourceTree = "<group>"; };
		6AD3ADED201B68540031097C /* libopencv_saliency.3.3.0.dylib */ = {isa = PBXFileReference; lastKnownFileType = "compiled.mach-o.dylib"; name = libopencv_saliency.3.3.0.dylib; path = ../../../../../../usr/local/Cellar/opencv/3.3.0_3/lib/libopencv_saliency.3.3.0.dylib; sourceTree = "<group>"; };
		6AD3ADEE201B68540031097C /* libopencv_plot.3.3.0.dylib */ = {isa = PBXFileReference; lastKnownFileType = "compiled.mach-o.dylib"; name = libopencv_plot.3.3.0.dylib; path = ../../../../../../usr/local/Cellar/opencv/3.3.0_3/lib/libopencv_plot.3.3.0.dylib; sourceTree = "<group>"; };
		6AD3ADEF201B68550031097C /* libopencv_tracking.3.3.0.dylib */ = {isa = PBXFileReference; lastKnownFileType = "compiled.mach-o.dylib"; name = libopencv_tracking.3.3.0.dylib; path = ../../../../../../usr/local/Cellar/opencv/3.3.0_3/lib/libopencv_tracking.3.3.0.dylib; sourceTree = "<group>"; };
		6AD3ADF0201B68550031097C /* libopencv_xobjdetect.3.3.0.dylib */ = {isa = PBXFileReference; lastKnownFileType = "compiled.mach-o.dylib"; name = libopencv_xobjdetect.3.3.0.dylib; path = ../../../../../../usr/local/Cellar/opencv/3.3.0_3/lib/libopencv_xobjdetect.3.3.0.dylib; sourceTree = "<group>"; };
		6AD3ADF1201B68550031097C /* libopencv_line_descriptor.3.3.0.dylib */ = {isa = PBXFileReference; lastKnownFileType = "compiled.mach-o.dylib"; name = libopencv_line_descriptor.3.3.0.dylib; path = ../../../../../../usr/local/Cellar/opencv/3.3.0_3/lib/libopencv_line_descriptor.3.3.0.dylib; sourceTree = "<group>"; };
		6AD3ADF2201B68550031097C /* libopencv_optflow.3.3.0.dylib */ = {isa = PBXFileReference; lastKnownFileType = "compiled.mach-o.dylib"; name = libopencv_optflow.3.3.0.dylib; path = ../../../../../../usr/local/Cellar/opencv/3.3.0_3/lib/libopencv_optflow.3.3.0.dylib; sourceTree = "<group>"; };
		6AD3ADF3201B68550031097C /* libopencv_calib3d.3.3.0.dylib */ = {isa = PBXFileReference; lastKnownFileType = "compiled.mach-o.dylib"; name = libopencv_calib3d.3.3.0.dylib; path = ../../../../../../usr/local/Cellar/opencv/3.3.0_3/lib/libopencv_calib3d.3.3.0.dylib; sourceTree = "<group>"; };
		6AD3ADF4201B68550031097C /* libopencv_features2d.3.3.0.dylib */ = {isa = PBXFileReference; lastKnownFileType = "compiled.mach-o.dylib"; name = libopencv_features2d.3.3.0.dylib; path = ../../../../../../usr/local/Cellar/opencv/3.3.0_3/lib/libopencv_features2d.3.3.0.dylib; sourceTree = "<group>"; };
		6AD3ADF5201B68550031097C /* libopencv_shape.3.3.0.dylib */ = {isa = PBXFileReference; lastKnownFileType = "compiled.mach-o.dylib"; name = libopencv_shape.3.3.0.dylib; path = ../../../../../../usr/local/Cellar/opencv/3.3.0_3/lib/libopencv_shape.3.3.0.dylib; sourceTree = "<group>"; };
		6AD3ADF6201B68550031097C /* libopencv_structured_light.3.3.0.dylib */ = {isa = PBXFileReference; lastKnownFileType = "compiled.mach-o.dylib"; name = libopencv_structured_light.3.3.0.dylib; path = ../../../../../../usr/local/Cellar/opencv/3.3.0_3/lib/libopencv_structured_light.3.3.0.dylib; sourceTree = "<group>"; };
		6AD3ADF7201B68550031097C /* libopencv_core.3.3.0.dylib */ = {isa = PBXFileReference; lastKnownFileType = "compiled.mach-o.dylib"; name = libopencv_core.3.3.0.dylib; path = ../../../../../../usr/local/Cellar/opencv/3.3.0_3/lib/libopencv_core.3.3.0.dylib; sourceTree = "<group>"; };
		6AD3AE2C201BDB750031097C /* global.cpp */ = {isa = PBXFileReference; lastKnownFileType = sourcecode.cpp.cpp; path = global.cpp; sourceTree = "<group>"; };
		6AD3AE2D201BDB750031097C /* global.hpp */ = {isa = PBXFileReference; lastKnownFileType = sourcecode.cpp.h; path = global.hpp; sourceTree = "<group>"; };
		6AD3AE32201BE0830031097C /* Morphology.cpp */ = {isa = PBXFileReference; lastKnownFileType = sourcecode.cpp.cpp; path = Morphology.cpp; sourceTree = "<group>"; };
		6AD3AE33201BE0830031097C /* Morphology.hpp */ = {isa = PBXFileReference; lastKnownFileType = sourcecode.cpp.h; path = Morphology.hpp; sourceTree = "<group>"; };
		6AD3AE35201BE5430031097C /* Filter.cpp */ = {isa = PBXFileReference; lastKnownFileType = sourcecode.cpp.cpp; path = Filter.cpp; sourceTree = "<group>"; };
		6AD3AE36201BE5430031097C /* Filter.hpp */ = {isa = PBXFileReference; lastKnownFileType = sourcecode.cpp.h; path = Filter.hpp; sourceTree = "<group>"; };
/* End PBXFileReference section */

/* Begin PBXFrameworksBuildPhase section */
		6AD3ADC0201B66EC0031097C /* Frameworks */ = {
			isa = PBXFrameworksBuildPhase;
			buildActionMask = 2147483647;
			files = (
				6AD3AE0E201B68560031097C /* libopencv_imgproc.3.3.0.dylib in Frameworks */,
				6AD3AE05201B68560031097C /* libopencv_superres.3.3.0.dylib in Frameworks */,
				6AD3ADFE201B68560031097C /* libopencv_imgcodecs.3.3.0.dylib in Frameworks */,
				6AD3AE1E201B68560031097C /* libopencv_features2d.3.3.0.dylib in Frameworks */,
				6AD3ADFA201B68560031097C /* libopencv_video.3.3.0.dylib in Frameworks */,
				6AD3AE10201B68560031097C /* libopencv_dpm.3.3.0.dylib in Frameworks */,
				6AD3AE18201B68560031097C /* libopencv_plot.3.3.0.dylib in Frameworks */,
				6AD3AE08201B68560031097C /* libopencv_face.3.3.0.dylib in Frameworks */,
				6AD3ADF8201B68560031097C /* libopencv_reg.3.3.0.dylib in Frameworks */,
				6AD3AE09201B68560031097C /* libopencv_flann.3.3.0.dylib in Frameworks */,
				6AD3AE07201B68560031097C /* libopencv_ml.3.3.0.dylib in Frameworks */,
				6AD3ADFD201B68560031097C /* libopencv_bgsegm.3.3.0.dylib in Frameworks */,
				6AD3AE0F201B68560031097C /* libopencv_xphoto.3.3.0.dylib in Frameworks */,
				6AD3AE19201B68560031097C /* libopencv_tracking.3.3.0.dylib in Frameworks */,
				6AD3AE03201B68560031097C /* libopencv_phase_unwrapping.3.3.0.dylib in Frameworks */,
				6AD3ADFF201B68560031097C /* libopencv_dnn.3.3.0.dylib in Frameworks */,
				6AD3AE0C201B68560031097C /* libopencv_stitching.3.3.0.dylib in Frameworks */,
				6AD3AE0B201B68560031097C /* libopencv_objdetect.3.3.0.dylib in Frameworks */,
				6AD3AE04201B68560031097C /* libopencv_fuzzy.3.3.0.dylib in Frameworks */,
				6AD3AE20201B68560031097C /* libopencv_structured_light.3.3.0.dylib in Frameworks */,
				6AD3AE1B201B68560031097C /* libopencv_line_descriptor.3.3.0.dylib in Frameworks */,
				6AD3AE1A201B68560031097C /* libopencv_xobjdetect.3.3.0.dylib in Frameworks */,
				6AD3AE1C201B68560031097C /* libopencv_optflow.3.3.0.dylib in Frameworks */,
				6AD3AE01201B68560031097C /* libopencv_highgui.3.3.0.dylib in Frameworks */,
				6AD3AE1F201B68560031097C /* libopencv_shape.3.3.0.dylib in Frameworks */,
				6AD3AE16201B68560031097C /* libopencv_videoio.3.3.0.dylib in Frameworks */,
				6AD3AE00201B68560031097C /* libopencv_rgbd.3.3.0.dylib in Frameworks */,
				6AD3AE11201B68560031097C /* libopencv_bioinspired.3.3.0.dylib in Frameworks */,
				6AD3AE06201B68560031097C /* libopencv_ximgproc.3.3.0.dylib in Frameworks */,
				6AD3AE14201B68560031097C /* libopencv_ccalib.3.3.0.dylib in Frameworks */,
				6AD3AE0D201B68560031097C /* libopencv_surface_matching.3.3.0.dylib in Frameworks */,
				6AD3ADFC201B68560031097C /* libopencv_xfeatures2d.3.3.0.dylib in Frameworks */,
				6AD3AE21201B68560031097C /* libopencv_core.3.3.0.dylib in Frameworks */,
				6AD3AE13201B68560031097C /* libopencv_text.3.3.0.dylib in Frameworks */,
				6AD3AE17201B68560031097C /* libopencv_saliency.3.3.0.dylib in Frameworks */,
				6AD3ADF9201B68560031097C /* libopencv_img_hash.3.3.0.dylib in Frameworks */,
				6AD3AE02201B68560031097C /* libopencv_datasets.3.3.0.dylib in Frameworks */,
				6AD3AE15201B68560031097C /* libopencv_photo.3.3.0.dylib in Frameworks */,
				6AD3AE1D201B68560031097C /* libopencv_calib3d.3.3.0.dylib in Frameworks */,
				6AD3AE12201B68560031097C /* libopencv_aruco.3.3.0.dylib in Frameworks */,
				6AD3AE0A201B68560031097C /* libopencv_stereo.3.3.0.dylib in Frameworks */,
				6AD3ADFB201B68560031097C /* libopencv_videostab.3.3.0.dylib in Frameworks */,
			);
			runOnlyForDeploymentPostprocessing = 0;
		};
/* End PBXFrameworksBuildPhase section */

/* Begin PBXGroup section */
		6AD3ADBA201B66EC0031097C = {
			isa = PBXGroup;
			children = (
				6AD3ADCD201B682B0031097C /* OpenCV_Frameworks */,
				6AD3ADC5201B66EC0031097C /* OpenCV_dev */,
				6AD3ADC4201B66EC0031097C /* Products */,
			);
			sourceTree = "<group>";
		};
		6AD3ADC4201B66EC0031097C /* Products */ = {
			isa = PBXGroup;
			children = (
				6AD3ADC3201B66EC0031097C /* OpenCV_dev */,
			);
			name = Products;
			sourceTree = "<group>";
		};
		6AD3ADC5201B66EC0031097C /* OpenCV_dev */ = {
			isa = PBXGroup;
			children = (
				6AD3ADC6201B66EC0031097C /* main.cpp */,
				6AD3AE35201BE5430031097C /* Filter.cpp */,
				6AD3AE36201BE5430031097C /* Filter.hpp */,
				6AD3AE32201BE0830031097C /* Morphology.cpp */,
				6AD3AE33201BE0830031097C /* Morphology.hpp */,
				6AD3AE2C201BDB750031097C /* global.cpp */,
				6AD3AE2D201BDB750031097C /* global.hpp */,
			);
			path = OpenCV_dev;
			sourceTree = "<group>";
		};
		6AD3ADCD201B682B0031097C /* OpenCV_Frameworks */ = {
			isa = PBXGroup;
			children = (
				6AD3ADE8201B68540031097C /* libopencv_aruco.3.3.0.dylib */,
				6AD3ADD3201B68520031097C /* libopencv_bgsegm.3.3.0.dylib */,
				6AD3ADE7201B68530031097C /* libopencv_bioinspired.3.3.0.dylib */,
				6AD3ADF3201B68550031097C /* libopencv_calib3d.3.3.0.dylib */,
				6AD3ADEA201B68540031097C /* libopencv_ccalib.3.3.0.dylib */,
				6AD3ADF7201B68550031097C /* libopencv_core.3.3.0.dylib */,
				6AD3ADD8201B68520031097C /* libopencv_datasets.3.3.0.dylib */,
				6AD3ADD5201B68520031097C /* libopencv_dnn.3.3.0.dylib */,
				6AD3ADE6201B68530031097C /* libopencv_dpm.3.3.0.dylib */,
				6AD3ADDE201B68530031097C /* libopencv_face.3.3.0.dylib */,
				6AD3ADF4201B68550031097C /* libopencv_features2d.3.3.0.dylib */,
				6AD3ADDF201B68530031097C /* libopencv_flann.3.3.0.dylib */,
				6AD3ADDA201B68530031097C /* libopencv_fuzzy.3.3.0.dylib */,
				6AD3ADD7201B68520031097C /* libopencv_highgui.3.3.0.dylib */,
				6AD3ADCF201B68520031097C /* libopencv_img_hash.3.3.0.dylib */,
				6AD3ADD4201B68520031097C /* libopencv_imgcodecs.3.3.0.dylib */,
				6AD3ADE4201B68530031097C /* libopencv_imgproc.3.3.0.dylib */,
				6AD3ADF1201B68550031097C /* libopencv_line_descriptor.3.3.0.dylib */,
				6AD3ADDD201B68530031097C /* libopencv_ml.3.3.0.dylib */,
				6AD3ADE1201B68530031097C /* libopencv_objdetect.3.3.0.dylib */,
				6AD3ADF2201B68550031097C /* libopencv_optflow.3.3.0.dylib */,
				6AD3ADD9201B68520031097C /* libopencv_phase_unwrapping.3.3.0.dylib */,
				6AD3ADEB201B68540031097C /* libopencv_photo.3.3.0.dylib */,
				6AD3ADEE201B68540031097C /* libopencv_plot.3.3.0.dylib */,
				6AD3ADCE201B68520031097C /* libopencv_reg.3.3.0.dylib */,
				6AD3ADD6201B68520031097C /* libopencv_rgbd.3.3.0.dylib */,
				6AD3ADED201B68540031097C /* libopencv_saliency.3.3.0.dylib */,
				6AD3ADF5201B68550031097C /* libopencv_shape.3.3.0.dylib */,
				6AD3ADE0201B68530031097C /* libopencv_stereo.3.3.0.dylib */,
				6AD3ADE2201B68530031097C /* libopencv_stitching.3.3.0.dylib */,
				6AD3ADF6201B68550031097C /* libopencv_structured_light.3.3.0.dylib */,
				6AD3ADDB201B68530031097C /* libopencv_superres.3.3.0.dylib */,
				6AD3ADE3201B68530031097C /* libopencv_surface_matching.3.3.0.dylib */,
				6AD3ADE9201B68540031097C /* libopencv_text.3.3.0.dylib */,
				6AD3ADEF201B68550031097C /* libopencv_tracking.3.3.0.dylib */,
				6AD3ADD0201B68520031097C /* libopencv_video.3.3.0.dylib */,
				6AD3ADEC201B68540031097C /* libopencv_videoio.3.3.0.dylib */,
				6AD3ADD1201B68520031097C /* libopencv_videostab.3.3.0.dylib */,
				6AD3ADD2201B68520031097C /* libopencv_xfeatures2d.3.3.0.dylib */,
				6AD3ADDC201B68530031097C /* libopencv_ximgproc.3.3.0.dylib */,
				6AD3ADF0201B68550031097C /* libopencv_xobjdetect.3.3.0.dylib */,
				6AD3ADE5201B68530031097C /* libopencv_xphoto.3.3.0.dylib */,
			);
			path = OpenCV_Frameworks;
			sourceTree = "<group>";
		};
/* End PBXGroup section */

/* Begin PBXNativeTarget section */
		6AD3ADC2201B66EC0031097C /* OpenCV_dev */ = {
			isa = PBXNativeTarget;
			buildConfigurationList = 6AD3ADCA201B66EC0031097C /* Build configuration list for PBXNativeTarget "OpenCV_dev" */;
			buildPhases = (
				6AD3ADBF201B66EC0031097C /* Sources */,
				6AD3ADC0201B66EC0031097C /* Frameworks */,
				6AD3ADC1201B66EC0031097C /* CopyFiles */,
			);
			buildRules = (
			);
			dependencies = (
			);
			name = OpenCV_dev;
			productName = OpenCV_dev;
			productReference = 6AD3ADC3201B66EC0031097C /* OpenCV_dev */;
			productType = "com.apple.product-type.tool";
		};
/* End PBXNativeTarget section */

/* Begin PBXProject section */
		6AD3ADBB201B66EC0031097C /* Project object */ = {
			isa = PBXProject;
			attributes = {
				LastUpgradeCheck = 0920;
				ORGANIZATIONNAME = CHAR;
				TargetAttributes = {
					6AD3ADC2201B66EC0031097C = {
						CreatedOnToolsVersion = 9.2;
						ProvisioningStyle = Automatic;
					};
				};
			};
			buildConfigurationList = 6AD3ADBE201B66EC0031097C /* Build configuration list for PBXProject "OpenCV_dev" */;
			compatibilityVersion = "Xcode 8.0";
			developmentRegion = en;
			hasScannedForEncodings = 0;
			knownRegions = (
				en,
			);
			mainGroup = 6AD3ADBA201B66EC0031097C;
			productRefGroup = 6AD3ADC4201B66EC0031097C /* Products */;
			projectDirPath = "";
			projectRoot = "";
			targets = (
				6AD3ADC2201B66EC0031097C /* OpenCV_dev */,
			);
		};
/* End PBXProject section */

/* Begin PBXSourcesBuildPhase section */
		6AD3ADBF201B66EC0031097C /* Sources */ = {
			isa = PBXSourcesBuildPhase;
			buildActionMask = 2147483647;
			files = (
				6AD3AE2E201BDB750031097C /* global.cpp in Sources */,
				6AD3AE37201BE5430031097C /* Filter.cpp in Sources */,
				6AD3AE34201BE0830031097C /* Morphology.cpp in Sources */,
				6AD3ADC7201B66EC0031097C /* main.cpp in Sources */,
			);
			runOnlyForDeploymentPostprocessing = 0;
		};
/* End PBXSourcesBuildPhase section */

/* Begin XCBuildConfiguration section */
		6AD3ADC8201B66EC0031097C /* Debug */ = {
			isa = XCBuildConfiguration;
			buildSettings = {
				ALWAYS_SEARCH_USER_PATHS = NO;
				CLANG_ANALYZER_NONNULL = YES;
				CLANG_ANALYZER_NUMBER_OBJECT_CONVERSION = YES_AGGRESSIVE;
				CLANG_CXX_LANGUAGE_STANDARD = "gnu++14";
				CLANG_CXX_LIBRARY = "libc++";
				CLANG_ENABLE_MODULES = YES;
				CLANG_ENABLE_OBJC_ARC = YES;
				CLANG_WARN_BLOCK_CAPTURE_AUTORELEASING = YES;
				CLANG_WARN_BOOL_CONVERSION = YES;
				CLANG_WARN_COMMA = YES;
				CLANG_WARN_CONSTANT_CONVERSION = YES;
				CLANG_WARN_DIRECT_OBJC_ISA_USAGE = YES_ERROR;
				CLANG_WARN_DOCUMENTATION_COMMENTS = YES;
				CLANG_WARN_EMPTY_BODY = YES;
				CLANG_WARN_ENUM_CONVERSION = YES;
				CLANG_WARN_INFINITE_RECURSION = YES;
				CLANG_WARN_INT_CONVERSION = YES;
				CLANG_WARN_NON_LITERAL_NULL_CONVERSION = YES;
				CLANG_WARN_OBJC_LITERAL_CONVERSION = YES;
				CLANG_WARN_OBJC_ROOT_CLASS = YES_ERROR;
				CLANG_WARN_RANGE_LOOP_ANALYSIS = YES;
				CLANG_WARN_STRICT_PROTOTYPES = YES;
				CLANG_WARN_SUSPICIOUS_MOVE = YES;
				CLANG_WARN_UNGUARDED_AVAILABILITY = YES_AGGRESSIVE;
				CLANG_WARN_UNREACHABLE_CODE = YES;
				CLANG_WARN__DUPLICATE_METHOD_MATCH = YES;
				CODE_SIGN_IDENTITY = "Mac Developer";
				COPY_PHASE_STRIP = NO;
				DEBUG_INFORMATION_FORMAT = dwarf;
				ENABLE_STRICT_OBJC_MSGSEND = YES;
				ENABLE_TESTABILITY = YES;
				GCC_C_LANGUAGE_STANDARD = gnu11;
				GCC_DYNAMIC_NO_PIC = NO;
				GCC_NO_COMMON_BLOCKS = YES;
				GCC_OPTIMIZATION_LEVEL = 0;
				GCC_PREPROCESSOR_DEFINITIONS = (
					"DEBUG=1",
					"$(inherited)",
				);
				GCC_WARN_64_TO_32_BIT_CONVERSION = YES;
				GCC_WARN_ABOUT_RETURN_TYPE = YES_ERROR;
				GCC_WARN_UNDECLARED_SELECTOR = YES;
				GCC_WARN_UNINITIALIZED_AUTOS = YES_AGGRESSIVE;
				GCC_WARN_UNUSED_FUNCTION = YES;
				GCC_WARN_UNUSED_VARIABLE = YES;
				MACOSX_DEPLOYMENT_TARGET = 10.13;
				MTL_ENABLE_DEBUG_INFO = YES;
				ONLY_ACTIVE_ARCH = YES;
				SDKROOT = macosx;
			};
			name = Debug;
		};
		6AD3ADC9201B66EC0031097C /* Release */ = {
			isa = XCBuildConfiguration;
			buildSettings = {
				ALWAYS_SEARCH_USER_PATHS = NO;
				CLANG_ANALYZER_NONNULL = YES;
				CLANG_ANALYZER_NUMBER_OBJECT_CONVERSION = YES_AGGRESSIVE;
				CLANG_CXX_LANGUAGE_STANDARD = "gnu++14";
				CLANG_CXX_LIBRARY = "libc++";
				CLANG_ENABLE_MODULES = YES;
				CLANG_ENABLE_OBJC_ARC = YES;
				CLANG_WARN_BLOCK_CAPTURE_AUTORELEASING = YES;
				CLANG_WARN_BOOL_CONVERSION = YES;
				CLANG_WARN_COMMA = YES;
				CLANG_WARN_CONSTANT_CONVERSION = YES;
				CLANG_WARN_DIRECT_OBJC_ISA_USAGE = YES_ERROR;
				CLANG_WARN_DOCUMENTATION_COMMENTS = YES;
				CLANG_WARN_EMPTY_BODY = YES;
				CLANG_WARN_ENUM_CONVERSION = YES;
				CLANG_WARN_INFINITE_RECURSION = YES;
				CLANG_WARN_INT_CONVERSION = YES;
				CLANG_WARN_NON_LITERAL_NULL_CONVERSION = YES;
				CLANG_WARN_OBJC_LITERAL_CONVERSION = YES;
				CLANG_WARN_OBJC_ROOT_CLASS = YES_ERROR;
				CLANG_WARN_RANGE_LOOP_ANALYSIS = YES;
				CLANG_WARN_STRICT_PROTOTYPES = YES;
				CLANG_WARN_SUSPICIOUS_MOVE = YES;
				CLANG_WARN_UNGUARDED_AVAILABILITY = YES_AGGRESSIVE;
				CLANG_WARN_UNREACHABLE_CODE = YES;
				CLANG_WARN__DUPLICATE_METHOD_MATCH = YES;
				CODE_SIGN_IDENTITY = "Mac Developer";
				COPY_PHASE_STRIP = NO;
				DEBUG_INFORMATION_FORMAT = "dwarf-with-dsym";
				ENABLE_NS_ASSERTIONS = NO;
				ENABLE_STRICT_OBJC_MSGSEND = YES;
				GCC_C_LANGUAGE_STANDARD = gnu11;
				GCC_NO_COMMON_BLOCKS = YES;
				GCC_WARN_64_TO_32_BIT_CONVERSION = YES;
				GCC_WARN_ABOUT_RETURN_TYPE = YES_ERROR;
				GCC_WARN_UNDECLARED_SELECTOR = YES;
				GCC_WARN_UNINITIALIZED_AUTOS = YES_AGGRESSIVE;
				GCC_WARN_UNUSED_FUNCTION = YES;
				GCC_WARN_UNUSED_VARIABLE = YES;
				MACOSX_DEPLOYMENT_TARGET = 10.13;
				MTL_ENABLE_DEBUG_INFO = NO;
				SDKROOT = macosx;
			};
			name = Release;
		};
		6AD3ADCB201B66EC0031097C /* Debug */ = {
			isa = XCBuildConfiguration;
			buildSettings = {
				CLANG_WARN_DOCUMENTATION_COMMENTS = NO;
				CODE_SIGN_STYLE = Automatic;
				DEVELOPMENT_TEAM = 2AR53FCZJH;
				HEADER_SEARCH_PATHS = (
					/usr/local/include/opencv,
					/usr/local/include,
				);
				LIBRARY_SEARCH_PATHS = (
					/usr/local/lib,
					/usr/local/Cellar/opencv/3.3.0_3/lib,
				);
				PRODUCT_NAME = "$(TARGET_NAME)";
			};
			name = Debug;
		};
		6AD3ADCC201B66EC0031097C /* Release */ = {
			isa = XCBuildConfiguration;
			buildSettings = {
				CLANG_WARN_DOCUMENTATION_COMMENTS = NO;
				CODE_SIGN_STYLE = Automatic;
				DEVELOPMENT_TEAM = 2AR53FCZJH;
				HEADER_SEARCH_PATHS = (
					/usr/local/include/opencv,
					/usr/local/include,
				);
				LIBRARY_SEARCH_PATHS = (
					/usr/local/lib,
					/usr/local/Cellar/opencv/3.3.0_3/lib,
				);
				PRODUCT_NAME = "$(TARGET_NAME)";
			};
			name = Release;
		};
/* End XCBuildConfiguration section */

/* Begin XCConfigurationList section */
		6AD3ADBE201B66EC0031097C /* Build configuration list for PBXProject "OpenCV_dev" */ = {
			isa = XCConfigurationList;
			buildConfigurations = (
				6AD3ADC8201B66EC0031097C /* Debug */,
				6AD3ADC9201B66EC0031097C /* Release */,
			);
			defaultConfigurationIsVisible = 0;
			defaultConfigurationName = Release;
		};
		6AD3ADCA201B66EC0031097C /* Build configuration list for PBXNativeTarget "OpenCV_dev" */ = {
			isa = XCConfigurationList;
			buildConfigurations = (
				6AD3ADCB201B66EC0031097C /* Debug */,
				6AD3ADCC201B66EC0031097C /* Release */,
			);
			defaultConfigurationIsVisible = 0;
			defaultConfigurationName = Release;
		};
/* End XCConfigurationList section */
	};
	rootObject = 6AD3ADBB201B66EC0031097C /* Project object */;
}
